
Microsoft Visual Studio Solution File, Format Version 12.00
# Visual Studio Version 17
VisualStudioVersion = 17.0.31903.59
MinimumVisualStudioVersion = 10.0.40219.1
Project("{9A19103F-16F7-4668-BE54-9A1E7A4F7556}") = "P05Shop.API", "P05Shop.API\P05Shop.API.csproj", "{6187F360-FC75-4FD5-8F02-EBF24703D9E9}"
EndProject
Project("{9A19103F-16F7-4668-BE54-9A1E7A4F7556}") = "P06Shop.Shared", "P06Shop.Shared\P06Shop.Shared.csproj", "{8DB72B04-2EB0-4351-A07F-D48065625F58}"
EndProject
Project("{9A19103F-16F7-4668-BE54-9A1E7A4F7556}") = "P07Shop.DataSeeder", "P07Shop.DataSeeder\P07Shop.DataSeeder.csproj", "{84CCAF81-BC48-4044-A814-E248357C675F}"
EndProject
Project("{2150E333-8FDC-42A3-9474-1A3956D46DE8}") = "Solution Items", "Solution Items", "{54B0D6BE-88ED-4FE3-B855-155D474428B6}"
	ProjectSection(SolutionItems) = preProject
		Podsumowanie.txt = Podsumowanie.txt
	EndProjectSection
EndProject
Project("{9A19103F-16F7-4668-BE54-9A1E7A4F7556}") = "P08Library.MAUI", "P08Library.MAUI\P08Library.MAUI.csproj", "{164C5E13-27C5-4305-9851-E7D2E49B29C3}"
EndProject
Project("{FAE04EC0-301F-11D3-BF4B-00C04F79EFBC}") = "P09Library.MAUI.Android", "P09Library.MAUI.Android\P09Library.MAUI.Android.csproj", "{67F90236-BD00-47C5-AA05-1884A61A0C4B}"
EndProject
Global
	GlobalSection(SolutionConfigurationPlatforms) = preSolution
		Debug|Any CPU = Debug|Any CPU
		Release|Any CPU = Release|Any CPU
	EndGlobalSection
	GlobalSection(ProjectConfigurationPlatforms) = postSolution
		{6187F360-FC75-4FD5-8F02-EBF24703D9E9}.Debug|Any CPU.ActiveCfg = Debug|Any CPU
		{6187F360-FC75-4FD5-8F02-EBF24703D9E9}.Debug|Any CPU.Build.0 = Debug|Any CPU
		{6187F360-FC75-4FD5-8F02-EBF24703D9E9}.Release|Any CPU.ActiveCfg = Release|Any CPU
		{6187F360-FC75-4FD5-8F02-EBF24703D9E9}.Release|Any CPU.Build.0 = Release|Any CPU
		{8DB72B04-2EB0-4351-A07F-D48065625F58}.Debug|Any CPU.ActiveCfg = Debug|Any CPU
		{8DB72B04-2EB0-4351-A07F-D48065625F58}.Debug|Any CPU.Build.0 = Debug|Any CPU
		{8DB72B04-2EB0-4351-A07F-D48065625F58}.Release|Any CPU.ActiveCfg = Release|Any CPU
		{8DB72B04-2EB0-4351-A07F-D48065625F58}.Release|Any CPU.Build.0 = Release|Any CPU
		{84CCAF81-BC48-4044-A814-E248357C675F}.Debug|Any CPU.ActiveCfg = Debug|Any CPU
		{84CCAF81-BC48-4044-A814-E248357C675F}.Debug|Any CPU.Build.0 = Debug|Any CPU
		{84CCAF81-BC48-4044-A814-E248357C675F}.Release|Any CPU.ActiveCfg = Release|Any CPU
		{84CCAF81-BC48-4044-A814-E248357C675F}.Release|Any CPU.Build.0 = Release|Any CPU
		{164C5E13-27C5-4305-9851-E7D2E49B29C3}.Debug|Any CPU.ActiveCfg = Debug|Any CPU
		{164C5E13-27C5-4305-9851-E7D2E49B29C3}.Debug|Any CPU.Build.0 = Debug|Any CPU
		{164C5E13-27C5-4305-9851-E7D2E49B29C3}.Debug|Any CPU.Deploy.0 = Debug|Any CPU
		{164C5E13-27C5-4305-9851-E7D2E49B29C3}.Release|Any CPU.ActiveCfg = Release|Any CPU
		{164C5E13-27C5-4305-9851-E7D2E49B29C3}.Release|Any CPU.Build.0 = Release|Any CPU
		{164C5E13-27C5-4305-9851-E7D2E49B29C3}.Release|Any CPU.Deploy.0 = Release|Any CPU
		{67F90236-BD00-47C5-AA05-1884A61A0C4B}.Debug|Any CPU.ActiveCfg = Debug|Any CPU
		{67F90236-BD00-47C5-AA05-1884A61A0C4B}.Debug|Any CPU.Build.0 = Debug|Any CPU
		{67F90236-BD00-47C5-AA05-1884A61A0C4B}.Debug|Any CPU.Deploy.0 = Debug|Any CPU
		{67F90236-BD00-47C5-AA05-1884A61A0C4B}.Release|Any CPU.ActiveCfg = Release|Any CPU
		{67F90236-BD00-47C5-AA05-1884A61A0C4B}.Release|Any CPU.Build.0 = Release|Any CPU
		{67F90236-BD00-47C5-AA05-1884A61A0C4B}.Release|Any CPU.Deploy.0 = Release|Any CPU
	EndGlobalSection
	GlobalSection(SolutionProperties) = preSolution
		HideSolutionNode = FALSE
	EndGlobalSection
	GlobalSection(ExtensibilityGlobals) = postSolution
		SolutionGuid = {94303BD1-1B19-4518-9F26-D278D6DD914B}
	EndGlobalSection
EndGlobal
